
Microsoft Visual Studio Solution File, Format Version 11.00
# Visual Studio 2010
Project("{FAE04EC0-301F-11D3-BF4B-00C04F79EFBC}") = "Assembly-CSharp", "Assembly-CSharp.csproj", "{bfbe6670-1d22-5c2e-32f0-e3040d0ccaa1}"
EndProject
Project("{FAE04EC0-301F-11D3-BF4B-00C04F79EFBC}") = "Assembly-CSharp-firstpass", "Assembly-CSharp-firstpass.csproj", "{21e5b9b3-a683-2a44-99a0-19b9d98589d5}"
EndProject
Project("{FAE04EC0-301F-11D3-BF4B-00C04F79EFBC}") = "Assembly-CSharp-Editor", "Assembly-CSharp-Editor.csproj", "{095039be-fa0d-177b-30ef-5836e6e1a16b}"
EndProject
Global
	GlobalSection(SolutionConfigurationPlatforms) = preSolution
		Debug|Any CPU = Debug|Any CPU
	EndGlobalSection
	GlobalSection(ProjectConfigurationPlatforms) = postSolution
		{bfbe6670-1d22-5c2e-32f0-e3040d0ccaa1}.Debug|Any CPU.ActiveCfg = Debug|Any CPU
		{bfbe6670-1d22-5c2e-32f0-e3040d0ccaa1}.Debug|Any CPU.Build.0 = Debug|Any CPU
		{21e5b9b3-a683-2a44-99a0-19b9d98589d5}.Debug|Any CPU.ActiveCfg = Debug|Any CPU
		{21e5b9b3-a683-2a44-99a0-19b9d98589d5}.Debug|Any CPU.Build.0 = Debug|Any CPU
		{095039be-fa0d-177b-30ef-5836e6e1a16b}.Debug|Any CPU.ActiveCfg = Debug|Any CPU
		{095039be-fa0d-177b-30ef-5836e6e1a16b}.Debug|Any CPU.Build.0 = Debug|Any CPU
	EndGlobalSection
	GlobalSection(SolutionProperties) = preSolution
		HideSolutionNode = FALSE
	EndGlobalSection
EndGlobal
